
Microsoft Visual Studio Solution File, Format Version 12.00
# Visual Studio 15
VisualStudioVersion = 15.0.27130.2020
MinimumVisualStudioVersion = 10.0.40219.1
Project("{FAE04EC0-301F-11D3-BF4B-00C04F79EFBC}") = "DTO", "DTO\DTO.csproj", "{B36479A8-0521-416A-A864-7D0003E17323}"
EndProject
Project("{FAE04EC0-301F-11D3-BF4B-00C04F79EFBC}") = "BUS", "BUS\BUS.csproj", "{213A6D26-1A62-4539-9D89-F441DA47C2E2}"
EndProject
Project("{FAE04EC0-301F-11D3-BF4B-00C04F79EFBC}") = "DataGridViewGrouper", "DataGridViewGrouper\DataGridViewGrouper.csproj", "{785A6FBB-2BA0-42BE-84C4-1703BCAD15D2}"
EndProject
Project("{FAE04EC0-301F-11D3-BF4B-00C04F79EFBC}") = "DAO", "DAO\DAO.csproj", "{02F0ABC7-E134-45AB-BA65-CB53B72CC094}"
EndProject
Project("{FAE04EC0-301F-11D3-BF4B-00C04F79EFBC}") = "GUI", "Karaoke\GUI.csproj", "{022659E0-CD72-47F7-88B9-43872F6A6F22}"
EndProject
Global
	GlobalSection(SolutionConfigurationPlatforms) = preSolution
		Debug|Any CPU = Debug|Any CPU
		Release|Any CPU = Release|Any CPU
	EndGlobalSection
	GlobalSection(ProjectConfigurationPlatforms) = postSolution
		{B36479A8-0521-416A-A864-7D0003E17323}.Debug|Any CPU.ActiveCfg = Debug|Any CPU
		{B36479A8-0521-416A-A864-7D0003E17323}.Debug|Any CPU.Build.0 = Debug|Any CPU
		{B36479A8-0521-416A-A864-7D0003E17323}.Release|Any CPU.ActiveCfg = Release|Any CPU
		{B36479A8-0521-416A-A864-7D0003E17323}.Release|Any CPU.Build.0 = Release|Any CPU
		{213A6D26-1A62-4539-9D89-F441DA47C2E2}.Debug|Any CPU.ActiveCfg = Debug|Any CPU
		{213A6D26-1A62-4539-9D89-F441DA47C2E2}.Debug|Any CPU.Build.0 = Debug|Any CPU
		{213A6D26-1A62-4539-9D89-F441DA47C2E2}.Release|Any CPU.ActiveCfg = Release|Any CPU
		{213A6D26-1A62-4539-9D89-F441DA47C2E2}.Release|Any CPU.Build.0 = Release|Any CPU
		{785A6FBB-2BA0-42BE-84C4-1703BCAD15D2}.Debug|Any CPU.ActiveCfg = Debug|Any CPU
		{785A6FBB-2BA0-42BE-84C4-1703BCAD15D2}.Debug|Any CPU.Build.0 = Debug|Any CPU
		{785A6FBB-2BA0-42BE-84C4-1703BCAD15D2}.Release|Any CPU.ActiveCfg = Release|Any CPU
		{785A6FBB-2BA0-42BE-84C4-1703BCAD15D2}.Release|Any CPU.Build.0 = Release|Any CPU
		{02F0ABC7-E134-45AB-BA65-CB53B72CC094}.Debug|Any CPU.ActiveCfg = Debug|Any CPU
		{02F0ABC7-E134-45AB-BA65-CB53B72CC094}.Debug|Any CPU.Build.0 = Debug|Any CPU
		{02F0ABC7-E134-45AB-BA65-CB53B72CC094}.Release|Any CPU.ActiveCfg = Release|Any CPU
		{02F0ABC7-E134-45AB-BA65-CB53B72CC094}.Release|Any CPU.Build.0 = Release|Any CPU
		{022659E0-CD72-47F7-88B9-43872F6A6F22}.Debug|Any CPU.ActiveCfg = Debug|Any CPU
		{022659E0-CD72-47F7-88B9-43872F6A6F22}.Debug|Any CPU.Build.0 = Debug|Any CPU
		{022659E0-CD72-47F7-88B9-43872F6A6F22}.Release|Any CPU.ActiveCfg = Release|Any CPU
		{022659E0-CD72-47F7-88B9-43872F6A6F22}.Release|Any CPU.Build.0 = Release|Any CPU
	EndGlobalSection
	GlobalSection(SolutionProperties) = preSolution
		HideSolutionNode = FALSE
	EndGlobalSection
	GlobalSection(ExtensibilityGlobals) = postSolution
		SolutionGuid = {1FA0F4D5-D99B-4A05-9FF4-F80276D0109E}
	EndGlobalSection
EndGlobal
